
Microsoft Visual Studio Solution File, Format Version 12.00
# Visual Studio Version 17
VisualStudioVersion = 17.11.35431.28
MinimumVisualStudioVersion = 10.0.40219.1
Project("{8BC9CEB8-8B4A-11D0-8D11-00A0C91BC942}") = "ServerSln", "ServerSln.vcxproj", "{8B0A97D5-4591-4E89-828E-5160638519E1}"
EndProject
Project("{8BC9CEB8-8B4A-11D0-8D11-00A0C91BC942}") = "UnitTesting", "..\UnitTesting\UnitTesting.vcxproj", "{82D527BF-9424-41CE-A9A2-3B00B709F8F0}"
EndProject
Global
	GlobalSection(SolutionConfigurationPlatforms) = preSolution
		Debug|x64 = Debug|x64
		Debug|x86 = Debug|x86
		Release|x64 = Release|x64
		Release|x86 = Release|x86
	EndGlobalSection
	GlobalSection(ProjectConfigurationPlatforms) = postSolution
		{8B0A97D5-4591-4E89-828E-5160638519E1}.Debug|x64.ActiveCfg = Debug|x64
		{8B0A97D5-4591-4E89-828E-5160638519E1}.Debug|x64.Build.0 = Debug|x64
		{8B0A97D5-4591-4E89-828E-5160638519E1}.Debug|x86.ActiveCfg = Debug|Win32
		{8B0A97D5-4591-4E89-828E-5160638519E1}.Debug|x86.Build.0 = Debug|Win32
		{8B0A97D5-4591-4E89-828E-5160638519E1}.Release|x64.ActiveCfg = Release|x64
		{8B0A97D5-4591-4E89-828E-5160638519E1}.Release|x64.Build.0 = Release|x64
		{8B0A97D5-4591-4E89-828E-5160638519E1}.Release|x86.ActiveCfg = Release|Win32
		{8B0A97D5-4591-4E89-828E-5160638519E1}.Release|x86.Build.0 = Release|Win32
		{82D527BF-9424-41CE-A9A2-3B00B709F8F0}.Debug|x64.ActiveCfg = Debug|x64
		{82D527BF-9424-41CE-A9A2-3B00B709F8F0}.Debug|x64.Build.0 = Debug|x64
		{82D527BF-9424-41CE-A9A2-3B00B709F8F0}.Debug|x86.ActiveCfg = Debug|Win32
		{82D527BF-9424-41CE-A9A2-3B00B709F8F0}.Debug|x86.Build.0 = Debug|Win32
		{82D527BF-9424-41CE-A9A2-3B00B709F8F0}.Release|x64.ActiveCfg = Release|x64
		{82D527BF-9424-41CE-A9A2-3B00B709F8F0}.Release|x64.Build.0 = Release|x64
		{82D527BF-9424-41CE-A9A2-3B00B709F8F0}.Release|x86.ActiveCfg = Release|Win32
		{82D527BF-9424-41CE-A9A2-3B00B709F8F0}.Release|x86.Build.0 = Release|Win32
	EndGlobalSection
	GlobalSection(SolutionProperties) = preSolution
		HideSolutionNode = FALSE
	EndGlobalSection
	GlobalSection(ExtensibilityGlobals) = postSolution
		SolutionGuid = {41F7D5DF-1820-4BBA-850D-74DF2C6FFB10}
	EndGlobalSection
EndGlobal
